
Microsoft Visual Studio Solution File, Format Version 12.00
Project("{FAE04EC0-301F-11D3-BF4B-00C04F79EFBC}") = "BoringOS.Kernel", "BoringOS.Kernel\BoringOS.Kernel.csproj", "{1DA0D8C8-B819-4151-8CFD-2534B51F4D4F}"
EndProject
Project("{FAE04EC0-301F-11D3-BF4B-00C04F79EFBC}") = "BoringOS.Analyzers", "BoringOS.Analyzers\BoringOS.Analyzers.csproj", "{CE4F25B9-E23B-4AEC-9937-ADDEB7ACDE1B}"
EndProject
Project("{FAE04EC0-301F-11D3-BF4B-00C04F79EFBC}") = "BoringOS", "BoringOS\BoringOS.csproj", "{90E05227-DFB7-481E-B514-FB66CEE721B8}"
EndProject
Project("{FAE04EC0-301F-11D3-BF4B-00C04F79EFBC}") = "BoringOS.Emulator", "BoringOS.Emulator\BoringOS.Emulator.csproj", "{C0D509BC-49C9-45B6-AFC7-B9633308C099}"
EndProject
Global
	GlobalSection(SolutionConfigurationPlatforms) = preSolution
		Debug|Any CPU = Debug|Any CPU
		Release|Any CPU = Release|Any CPU
		DebugVBE|Any CPU = DebugVBE|Any CPU
	EndGlobalSection
	GlobalSection(ProjectConfigurationPlatforms) = postSolution
		{1DA0D8C8-B819-4151-8CFD-2534B51F4D4F}.Debug|Any CPU.ActiveCfg = Debug|Any CPU
		{1DA0D8C8-B819-4151-8CFD-2534B51F4D4F}.Debug|Any CPU.Build.0 = Debug|Any CPU
		{1DA0D8C8-B819-4151-8CFD-2534B51F4D4F}.Release|Any CPU.ActiveCfg = Release|Any CPU
		{1DA0D8C8-B819-4151-8CFD-2534B51F4D4F}.Release|Any CPU.Build.0 = Release|Any CPU
		{1DA0D8C8-B819-4151-8CFD-2534B51F4D4F}.DebugVBE|Any CPU.ActiveCfg = DebugVBE|Any CPU
		{1DA0D8C8-B819-4151-8CFD-2534B51F4D4F}.DebugVBE|Any CPU.Build.0 = DebugVBE|Any CPU
		{CE4F25B9-E23B-4AEC-9937-ADDEB7ACDE1B}.Debug|Any CPU.ActiveCfg = Debug|Any CPU
		{CE4F25B9-E23B-4AEC-9937-ADDEB7ACDE1B}.Debug|Any CPU.Build.0 = Debug|Any CPU
		{CE4F25B9-E23B-4AEC-9937-ADDEB7ACDE1B}.Release|Any CPU.ActiveCfg = Release|Any CPU
		{CE4F25B9-E23B-4AEC-9937-ADDEB7ACDE1B}.Release|Any CPU.Build.0 = Release|Any CPU
		{CE4F25B9-E23B-4AEC-9937-ADDEB7ACDE1B}.DebugVBE|Any CPU.ActiveCfg = Debug|Any CPU
		{CE4F25B9-E23B-4AEC-9937-ADDEB7ACDE1B}.DebugVBE|Any CPU.Build.0 = Debug|Any CPU
		{90E05227-DFB7-481E-B514-FB66CEE721B8}.Debug|Any CPU.ActiveCfg = Debug|Any CPU
		{90E05227-DFB7-481E-B514-FB66CEE721B8}.Debug|Any CPU.Build.0 = Debug|Any CPU
		{90E05227-DFB7-481E-B514-FB66CEE721B8}.Release|Any CPU.ActiveCfg = Release|Any CPU
		{90E05227-DFB7-481E-B514-FB66CEE721B8}.Release|Any CPU.Build.0 = Release|Any CPU
		{90E05227-DFB7-481E-B514-FB66CEE721B8}.DebugVBE|Any CPU.ActiveCfg = Debug|Any CPU
		{90E05227-DFB7-481E-B514-FB66CEE721B8}.DebugVBE|Any CPU.Build.0 = Debug|Any CPU
		{C0D509BC-49C9-45B6-AFC7-B9633308C099}.Debug|Any CPU.ActiveCfg = Debug|Any CPU
		{C0D509BC-49C9-45B6-AFC7-B9633308C099}.Debug|Any CPU.Build.0 = Debug|Any CPU
		{C0D509BC-49C9-45B6-AFC7-B9633308C099}.Release|Any CPU.ActiveCfg = Release|Any CPU
		{C0D509BC-49C9-45B6-AFC7-B9633308C099}.Release|Any CPU.Build.0 = Release|Any CPU
		{C0D509BC-49C9-45B6-AFC7-B9633308C099}.DebugVBE|Any CPU.ActiveCfg = Debug|Any CPU
		{C0D509BC-49C9-45B6-AFC7-B9633308C099}.DebugVBE|Any CPU.Build.0 = Debug|Any CPU
	EndGlobalSection
EndGlobal
