
Microsoft Visual Studio Solution File, Format Version 12.00
Project("{FAE04EC0-301F-11D3-BF4B-00C04F79EFBC}") = "BoringOS.Cosmos", "BoringOS.Cosmos\BoringOS.Cosmos.csproj", "{1DA0D8C8-B819-4151-8CFD-2534B51F4D4F}"
EndProject
Project("{FAE04EC0-301F-11D3-BF4B-00C04F79EFBC}") = "BoringOS.Analyzers", "BoringOS.Analyzers\BoringOS.Analyzers.csproj", "{CE4F25B9-E23B-4AEC-9937-ADDEB7ACDE1B}"
EndProject
Project("{FAE04EC0-301F-11D3-BF4B-00C04F79EFBC}") = "BoringOS", "BoringOS\BoringOS.csproj", "{90E05227-DFB7-481E-B514-FB66CEE721B8}"
EndProject
Project("{FAE04EC0-301F-11D3-BF4B-00C04F79EFBC}") = "BoringOS.Emulator", "BoringOS.Emulator\BoringOS.Emulator.csproj", "{C0D509BC-49C9-45B6-AFC7-B9633308C099}"
EndProject
Project("{FAE04EC0-301F-11D3-BF4B-00C04F79EFBC}") = "BoringOS.Cosmos.ThreadingPlugs", "BoringOS.Cosmos.ThreadingPlugs\BoringOS.Cosmos.ThreadingPlugs.csproj", "{D7D89A6B-DB03-40E2-B561-38CE6C5C0F9E}"
EndProject
Project("{2150E333-8FDC-42A3-9474-1A3956D46DE8}") = "Base", "Base", "{2366BF46-5B40-48A3-97BC-24588F235FBD}"
EndProject
Project("{2150E333-8FDC-42A3-9474-1A3956D46DE8}") = "Runtimes", "Runtimes", "{B8D6D52A-EF2A-4CFD-890A-927DD7D0994F}"
EndProject
Project("{2150E333-8FDC-42A3-9474-1A3956D46DE8}") = "Plugs", "Plugs", "{089884E8-894C-4C38-8263-CE5A34A6DDB9}"
EndProject
Project("{FAE04EC0-301F-11D3-BF4B-00C04F79EFBC}") = "BoringOS.MOSA", "BoringOS.MOSA\BoringOS.MOSA.csproj", "{92652C27-973F-4FE0-9AE6-0A6389F780A6}"
EndProject
Global
	GlobalSection(SolutionConfigurationPlatforms) = preSolution
		Debug|Any CPU = Debug|Any CPU
		Release|Any CPU = Release|Any CPU
		DebugVBE|Any CPU = DebugVBE|Any CPU
		DebugMosa|Any CPU = DebugMosa|Any CPU
	EndGlobalSection
	GlobalSection(ProjectConfigurationPlatforms) = postSolution
		{1DA0D8C8-B819-4151-8CFD-2534B51F4D4F}.Debug|Any CPU.ActiveCfg = Debug|Any CPU
		{1DA0D8C8-B819-4151-8CFD-2534B51F4D4F}.Debug|Any CPU.Build.0 = Debug|Any CPU
		{1DA0D8C8-B819-4151-8CFD-2534B51F4D4F}.Release|Any CPU.ActiveCfg = Release|Any CPU
		{1DA0D8C8-B819-4151-8CFD-2534B51F4D4F}.Release|Any CPU.Build.0 = Release|Any CPU
		{1DA0D8C8-B819-4151-8CFD-2534B51F4D4F}.DebugVBE|Any CPU.ActiveCfg = DebugVBE|Any CPU
		{1DA0D8C8-B819-4151-8CFD-2534B51F4D4F}.DebugVBE|Any CPU.Build.0 = DebugVBE|Any CPU
		{CE4F25B9-E23B-4AEC-9937-ADDEB7ACDE1B}.Debug|Any CPU.ActiveCfg = Debug|Any CPU
		{CE4F25B9-E23B-4AEC-9937-ADDEB7ACDE1B}.Debug|Any CPU.Build.0 = Debug|Any CPU
		{CE4F25B9-E23B-4AEC-9937-ADDEB7ACDE1B}.Release|Any CPU.ActiveCfg = Release|Any CPU
		{CE4F25B9-E23B-4AEC-9937-ADDEB7ACDE1B}.Release|Any CPU.Build.0 = Release|Any CPU
		{CE4F25B9-E23B-4AEC-9937-ADDEB7ACDE1B}.DebugVBE|Any CPU.ActiveCfg = Debug|Any CPU
		{CE4F25B9-E23B-4AEC-9937-ADDEB7ACDE1B}.DebugVBE|Any CPU.Build.0 = Debug|Any CPU
		{CE4F25B9-E23B-4AEC-9937-ADDEB7ACDE1B}.DebugMosa|Any CPU.ActiveCfg = Debug|Any CPU
		{CE4F25B9-E23B-4AEC-9937-ADDEB7ACDE1B}.DebugMosa|Any CPU.Build.0 = Debug|Any CPU
		{90E05227-DFB7-481E-B514-FB66CEE721B8}.Debug|Any CPU.ActiveCfg = Debug|Any CPU
		{90E05227-DFB7-481E-B514-FB66CEE721B8}.Debug|Any CPU.Build.0 = Debug|Any CPU
		{90E05227-DFB7-481E-B514-FB66CEE721B8}.Release|Any CPU.ActiveCfg = Release|Any CPU
		{90E05227-DFB7-481E-B514-FB66CEE721B8}.Release|Any CPU.Build.0 = Release|Any CPU
		{90E05227-DFB7-481E-B514-FB66CEE721B8}.DebugVBE|Any CPU.ActiveCfg = Debug|Any CPU
		{90E05227-DFB7-481E-B514-FB66CEE721B8}.DebugVBE|Any CPU.Build.0 = Debug|Any CPU
		{90E05227-DFB7-481E-B514-FB66CEE721B8}.DebugMosa|Any CPU.ActiveCfg = DebugMosa|Any CPU
		{90E05227-DFB7-481E-B514-FB66CEE721B8}.DebugMosa|Any CPU.Build.0 = DebugMosa|Any CPU
		{C0D509BC-49C9-45B6-AFC7-B9633308C099}.Debug|Any CPU.ActiveCfg = Debug|Any CPU
		{C0D509BC-49C9-45B6-AFC7-B9633308C099}.Debug|Any CPU.Build.0 = Debug|Any CPU
		{C0D509BC-49C9-45B6-AFC7-B9633308C099}.Release|Any CPU.ActiveCfg = Release|Any CPU
		{C0D509BC-49C9-45B6-AFC7-B9633308C099}.Release|Any CPU.Build.0 = Release|Any CPU
		{C0D509BC-49C9-45B6-AFC7-B9633308C099}.DebugVBE|Any CPU.ActiveCfg = Debug|Any CPU
		{C0D509BC-49C9-45B6-AFC7-B9633308C099}.DebugVBE|Any CPU.Build.0 = Debug|Any CPU
		{D7D89A6B-DB03-40E2-B561-38CE6C5C0F9E}.Debug|Any CPU.ActiveCfg = Debug|Any CPU
		{D7D89A6B-DB03-40E2-B561-38CE6C5C0F9E}.Debug|Any CPU.Build.0 = Debug|Any CPU
		{D7D89A6B-DB03-40E2-B561-38CE6C5C0F9E}.Release|Any CPU.ActiveCfg = Release|Any CPU
		{D7D89A6B-DB03-40E2-B561-38CE6C5C0F9E}.Release|Any CPU.Build.0 = Release|Any CPU
		{D7D89A6B-DB03-40E2-B561-38CE6C5C0F9E}.DebugVBE|Any CPU.ActiveCfg = Debug|Any CPU
		{D7D89A6B-DB03-40E2-B561-38CE6C5C0F9E}.DebugVBE|Any CPU.Build.0 = Debug|Any CPU
		{92652C27-973F-4FE0-9AE6-0A6389F780A6}.Debug|Any CPU.ActiveCfg = Debug|Any CPU
		{92652C27-973F-4FE0-9AE6-0A6389F780A6}.Release|Any CPU.ActiveCfg = Release|Any CPU
		{92652C27-973F-4FE0-9AE6-0A6389F780A6}.Release|Any CPU.Build.0 = Release|Any CPU
		{92652C27-973F-4FE0-9AE6-0A6389F780A6}.DebugVBE|Any CPU.ActiveCfg = Debug|Any CPU
		{92652C27-973F-4FE0-9AE6-0A6389F780A6}.DebugVBE|Any CPU.Build.0 = Debug|Any CPU
		{92652C27-973F-4FE0-9AE6-0A6389F780A6}.DebugMosa|Any CPU.ActiveCfg = DebugMosa|Any CPU
		{92652C27-973F-4FE0-9AE6-0A6389F780A6}.DebugMosa|Any CPU.Build.0 = DebugMosa|Any CPU
	EndGlobalSection
	GlobalSection(NestedProjects) = preSolution
		{90E05227-DFB7-481E-B514-FB66CEE721B8} = {2366BF46-5B40-48A3-97BC-24588F235FBD}
		{CE4F25B9-E23B-4AEC-9937-ADDEB7ACDE1B} = {2366BF46-5B40-48A3-97BC-24588F235FBD}
		{1DA0D8C8-B819-4151-8CFD-2534B51F4D4F} = {B8D6D52A-EF2A-4CFD-890A-927DD7D0994F}
		{C0D509BC-49C9-45B6-AFC7-B9633308C099} = {B8D6D52A-EF2A-4CFD-890A-927DD7D0994F}
		{089884E8-894C-4C38-8263-CE5A34A6DDB9} = {B8D6D52A-EF2A-4CFD-890A-927DD7D0994F}
		{D7D89A6B-DB03-40E2-B561-38CE6C5C0F9E} = {089884E8-894C-4C38-8263-CE5A34A6DDB9}
		{92652C27-973F-4FE0-9AE6-0A6389F780A6} = {B8D6D52A-EF2A-4CFD-890A-927DD7D0994F}
	EndGlobalSection
EndGlobal
